# Generated by pub
# See https://dart.dev/tools/pub/glossary#lockfile
packages:
  aad_oauth:
    dependency: transitive
    description:
      name: aad_oauth
      sha256: "7678046a7b4b5e967d324e7431626343084451e04ac847e382948c8e1286c30e"
      url: "https://pub.dev"
    source: hosted
    version: "1.0.1"
  adaptive_number:
    dependency: transitive
    description:
      name: adaptive_number
      sha256: "3a567544e9b5c9c803006f51140ad544aedc79604fd4f3f2c1380003f97c1d77"
      url: "https://pub.dev"
    source: hosted
    version: "1.0.0"
  animated_button_bar:
    dependency: transitive
    description:
      name: animated_button_bar
      sha256: "7beb84f9a2380bb4d1b51f8df3ad78b1f8fe01596a13e8892aab0880eaf115e5"
      url: "https://pub.dev"
    source: hosted
    version: "1.0.0"
  animated_snack_bar:
    dependency: "direct main"
    description:
      name: animated_snack_bar
      sha256: "9ec2d79507546f65b82038c9ac5ddfc3c2fccf285def43070606b0ec0fc56d34"
      url: "https://pub.dev"
    source: hosted
    version: "0.4.0"
  another_flushbar:
    dependency: transitive
    description:
      name: another_flushbar
      sha256: "19bf9520230ec40b300aaf9dd2a8fefcb277b25ecd1c4838f530566965befc2a"
      url: "https://pub.dev"
    source: hosted
    version: "1.12.30"
  another_transformer_page_view:
    dependency: transitive
    description:
      name: another_transformer_page_view
      sha256: a7cd46ede62d621c5abe7e58c7cb2745abe67b3bfec64f59b8889c93d7be7a8e
      url: "https://pub.dev"
    source: hosted
    version: "2.0.1"
  archive:
    dependency: transitive
    description:
      name: archive
      sha256: cb6a278ef2dbb298455e1a713bda08524a175630ec643a242c399c932a0a1f7d
      url: "https://pub.dev"
    source: hosted
    version: "3.6.1"
  args:
    dependency: transitive
    description:
      name: args
      sha256: bf9f5caeea8d8fe6721a9c358dd8a5c1947b27f1cfaa18b39c301273594919e6
      url: "https://pub.dev"
    source: hosted
    version: "2.6.0"
  asn1lib:
    dependency: transitive
    description:
      name: asn1lib
      sha256: "4bae5ae63e6d6dd17c4aac8086f3dec26c0236f6a0f03416c6c19d830c367cf5"
      url: "https://pub.dev"
    source: hosted
    version: "1.5.8"
  async:
    dependency: transitive
    description:
      name: async
      sha256: "947bfcf187f74dbc5e146c9eb9c0f10c9f8b30743e341481c1e2ed3ecc18c20c"
      url: "https://pub.dev"
    source: hosted
    version: "2.11.0"
  autocomplete_textfield:
    dependency: transitive
    description:
      name: autocomplete_textfield
      sha256: "8170e66d381c21623f1cfbb957ab9c6b5a45d9c50a6daac7fc57dbc3ba94abb4"
      url: "https://pub.dev"
    source: hosted
    version: "2.0.1"
  badges:
    dependency: transitive
    description:
      name: badges
      sha256: a7b6bbd60dce418df0db3058b53f9d083c22cdb5132a052145dc267494df0b84
      url: "https://pub.dev"
    source: hosted
    version: "3.1.2"
  boolean_selector:
    dependency: transitive
    description:
      name: boolean_selector
      sha256: "6cfb5af12253eaf2b368f07bacc5a80d1301a071c73360d746b7f2e32d762c66"
      url: "https://pub.dev"
    source: hosted
    version: "2.1.1"
  calendar_view:
    dependency: transitive
    description:
      name: calendar_view
      sha256: "0268c53439f6348f11a35e8a87493843473ab7c28190fe9f38c9ee05a9621564"
      url: "https://pub.dev"
    source: hosted
    version: "1.2.0"
  carbon_icons:
    dependency: transitive
    description:
      name: carbon_icons
      sha256: f962b7cbfe88a6229656cb3ef77afe33e69e5702a70a556352f940d82d5be2d8
      url: "https://pub.dev"
    source: hosted
    version: "0.0.1+2"
  characters:
    dependency: transitive
    description:
      name: characters
      sha256: "04a925763edad70e8443c99234dc3328f442e811f1d8fd1a72f1c8ad0f69a605"
      url: "https://pub.dev"
    source: hosted
    version: "1.3.0"
  clock:
    dependency: transitive
    description:
      name: clock
      sha256: cb6d7f03e1de671e34607e909a7213e31d7752be4fb66a86d29fe1eb14bfb5cf
      url: "https://pub.dev"
    source: hosted
    version: "1.1.1"
  collection:
    dependency: transitive
    description:
      name: collection
      sha256: ee67cb0715911d28db6bf4af1026078bd6f0128b07a5f66fb2ed94ec6783c09a
      url: "https://pub.dev"
    source: hosted
    version: "1.18.0"
  convert:
    dependency: transitive
    description:
      name: convert
      sha256: b30acd5944035672bc15c6b7a8b47d773e41e2f17de064350988c5d02adb1c68
      url: "https://pub.dev"
    source: hosted
    version: "3.1.2"
  crypto:
    dependency: transitive
    description:
      name: crypto
      sha256: "1e445881f28f22d6140f181e07737b22f1e099a5e1ff94b0af2f9e4a463f4855"
      url: "https://pub.dev"
    source: hosted
    version: "3.0.6"
  cupertino_icons:
    dependency: "direct main"
    description:
      name: cupertino_icons
      sha256: ba631d1c7f7bef6b729a622b7b752645a2d076dba9976925b8f25725a30e1ee6
      url: "https://pub.dev"
    source: hosted
    version: "1.0.8"
  dart_jsonwebtoken:
    dependency: transitive
    description:
      name: dart_jsonwebtoken
      sha256: adf073720e491d64fa599942615b919915710af2d809b2798146f9b7c4330f3f
      url: "https://pub.dev"
    source: hosted
    version: "2.14.1"
  dartz:
    dependency: transitive
    description:
      name: dartz
      sha256: e6acf34ad2e31b1eb00948692468c30ab48ac8250e0f0df661e29f12dd252168
      url: "https://pub.dev"
    source: hosted
    version: "0.10.1"
  data_table_2:
    dependency: "direct main"
    description:
      name: data_table_2
      sha256: f02ec9b24f44420816a87370ff4f4e533e15b274f6267e4c9a88a585ad1a0473
      url: "https://pub.dev"
    source: hosted
    version: "2.5.15"
  dio:
    dependency: transitive
    description:
      name: dio
      sha256: "7d328c4d898a61efc3cd93655a0955858e29a0aa647f0f9e02d59b3bb275e2e8"
      url: "https://pub.dev"
    source: hosted
    version: "4.0.6"
  dropdown_search:
    dependency: transitive
    description:
      name: dropdown_search
      sha256: "55106e8290acaa97ed15bea1fdad82c3cf0c248dd410e651f5a8ac6870f783ab"
      url: "https://pub.dev"
    source: hosted
    version: "5.0.6"
  easy_sidemenu:
    dependency: "direct main"
    description:
      name: easy_sidemenu
      sha256: "946e6846094a1be39a53065329ff54661b600f1769d9095c62e4c8c3ca4ffd58"
      url: "https://pub.dev"
    source: hosted
    version: "0.6.0"
  ed25519_edwards:
    dependency: transitive
    description:
      name: ed25519_edwards
      sha256: "6ce0112d131327ec6d42beede1e5dfd526069b18ad45dcf654f15074ad9276cd"
      url: "https://pub.dev"
    source: hosted
    version: "0.3.1"
  el_tooltip:
    dependency: transitive
    description:
      name: el_tooltip
      sha256: "0860b00e9390a31dd98369dc16d3b6fa2668fc52df712bd00e86d8931787fc17"
      url: "https://pub.dev"
    source: hosted
    version: "2.2.1"
  encrypt:
    dependency: transitive
    description:
      name: encrypt
      sha256: "62d9aa4670cc2a8798bab89b39fc71b6dfbacf615de6cf5001fb39f7e4a996a2"
      url: "https://pub.dev"
    source: hosted
    version: "5.0.3"
  equatable:
    dependency: transitive
    description:
      name: equatable
      sha256: c2b87cb7756efdf69892005af546c56c0b5037f54d2a88269b4f347a505e3ca2
      url: "https://pub.dev"
    source: hosted
    version: "2.0.5"
  excel:
    dependency: transitive
    description:
      name: excel
      sha256: f6a76fff6ac14f48fd44a6528e72705965e02cbc593e00427ab1d9a9f5d3bffa
      url: "https://pub.dev"
    source: hosted
    version: "2.1.0"
  fake_async:
    dependency: transitive
    description:
      name: fake_async
      sha256: "511392330127add0b769b75a987850d136345d9227c6b94c96a04cf4a391bf78"
      url: "https://pub.dev"
    source: hosted
    version: "1.3.1"
  ffi:
    dependency: transitive
    description:
      name: ffi
      sha256: "16ed7b077ef01ad6170a3d0c57caa4a112a38d7a2ed5602e0aca9ca6f3d98da6"
      url: "https://pub.dev"
    source: hosted
    version: "2.1.3"
  file:
    dependency: transitive
    description:
      name: file
      sha256: a3b4f84adafef897088c160faf7dfffb7696046cb13ae90b508c2cbc95d3b8d4
      url: "https://pub.dev"
    source: hosted
    version: "7.0.1"
  file_picker:
    dependency: transitive
    description:
      name: file_picker
      sha256: "1bbf65dd997458a08b531042ec3794112a6c39c07c37ff22113d2e7e4f81d4e4"
      url: "https://pub.dev"
    source: hosted
    version: "6.2.1"
  fixnum:
    dependency: transitive
    description:
      name: fixnum
      sha256: b6dc7065e46c974bc7c5f143080a6764ec7a4be6da1285ececdc37be96de53be
      url: "https://pub.dev"
    source: hosted
    version: "1.1.1"
  flex_color_scheme:
    dependency: transitive
    description:
      name: flex_color_scheme
      sha256: "32914024a4f404d90ff449f58d279191675b28e7c08824046baf06826e99d984"
      url: "https://pub.dev"
    source: hosted
    version: "7.3.1"
  flex_seed_scheme:
    dependency: transitive
    description:
      name: flex_seed_scheme
      sha256: "4cee2f1d07259f77e8b36f4ec5f35499d19e74e17c7dce5b819554914082bc01"
      url: "https://pub.dev"
    source: hosted
    version: "1.5.0"
  flutter:
    dependency: "direct main"
    description: flutter
    source: sdk
    version: "0.0.0"
  flutter_dotenv:
    dependency: transitive
    description:
      name: flutter_dotenv
      sha256: b7c7be5cd9f6ef7a78429cabd2774d3c4af50e79cb2b7593e3d5d763ef95c61b
      url: "https://pub.dev"
    source: hosted
    version: "5.2.1"
  flutter_keyboard_visibility:
    dependency: transitive
    description:
      name: flutter_keyboard_visibility
      sha256: "98664be7be0e3ffca00de50f7f6a287ab62c763fc8c762e0a21584584a3ff4f8"
      url: "https://pub.dev"
    source: hosted
    version: "6.0.0"
  flutter_keyboard_visibility_linux:
    dependency: transitive
    description:
      name: flutter_keyboard_visibility_linux
      sha256: "6fba7cd9bb033b6ddd8c2beb4c99ad02d728f1e6e6d9b9446667398b2ac39f08"
      url: "https://pub.dev"
    source: hosted
    version: "1.0.0"
  flutter_keyboard_visibility_macos:
    dependency: transitive
    description:
      name: flutter_keyboard_visibility_macos
      sha256: c5c49b16fff453dfdafdc16f26bdd8fb8d55812a1d50b0ce25fc8d9f2e53d086
      url: "https://pub.dev"
    source: hosted
    version: "1.0.0"
  flutter_keyboard_visibility_platform_interface:
    dependency: transitive
    description:
      name: flutter_keyboard_visibility_platform_interface
      sha256: e43a89845873f7be10cb3884345ceb9aebf00a659f479d1c8f4293fcb37022a4
      url: "https://pub.dev"
    source: hosted
    version: "2.0.0"
  flutter_keyboard_visibility_web:
    dependency: transitive
    description:
      name: flutter_keyboard_visibility_web
      sha256: d3771a2e752880c79203f8d80658401d0c998e4183edca05a149f5098ce6e3d1
      url: "https://pub.dev"
    source: hosted
    version: "2.0.0"
  flutter_keyboard_visibility_windows:
    dependency: transitive
    description:
      name: flutter_keyboard_visibility_windows
      sha256: fc4b0f0b6be9b93ae527f3d527fb56ee2d918cd88bbca438c478af7bcfd0ef73
      url: "https://pub.dev"
    source: hosted
    version: "1.0.0"
  flutter_lints:
    dependency: "direct dev"
    description:
      name: flutter_lints
      sha256: "9e8c3858111da373efc5aa341de011d9bd23e2c5c5e0c62bccf32438e192d7b1"
      url: "https://pub.dev"
    source: hosted
    version: "3.0.2"
  flutter_login:
    dependency: transitive
    description:
      name: flutter_login
      sha256: "97f27a52bd68038090bd79f22600ad9ae86158f1d55c47e3d0cef66b299579f3"
      url: "https://pub.dev"
    source: hosted
    version: "4.2.1"
  flutter_multi_select_items:
    dependency: transitive
    description:
      name: flutter_multi_select_items
      sha256: f8182eddcc3a9a19a56b401da2e4408eb4b6a9d2a99123d70f14bbf81868d8df
      url: "https://pub.dev"
    source: hosted
    version: "0.4.3"
  flutter_plugin_android_lifecycle:
    dependency: transitive
    description:
      name: flutter_plugin_android_lifecycle
      sha256: "9b78450b89f059e96c9ebb355fa6b3df1d6b330436e0b885fb49594c41721398"
      url: "https://pub.dev"
    source: hosted
    version: "2.0.23"
  flutter_riverpod:
    dependency: "direct main"
    description:
      name: flutter_riverpod
      sha256: "9532ee6db4a943a1ed8383072a2e3eeda041db5657cdf6d2acecf3c21ecbe7e1"
      url: "https://pub.dev"
    source: hosted
    version: "2.6.1"
  flutter_secure_storage:
    dependency: transitive
    description:
      name: flutter_secure_storage
      sha256: "165164745e6afb5c0e3e3fcc72a012fb9e58496fb26ffb92cf22e16a821e85d0"
      url: "https://pub.dev"
    source: hosted
    version: "9.2.2"
  flutter_secure_storage_linux:
    dependency: transitive
    description:
      name: flutter_secure_storage_linux
      sha256: "4d91bfc23047422cbcd73ac684bc169859ee766482517c22172c86596bf1464b"
      url: "https://pub.dev"
    source: hosted
    version: "1.2.1"
  flutter_secure_storage_macos:
    dependency: transitive
    description:
      name: flutter_secure_storage_macos
      sha256: "1693ab11121a5f925bbea0be725abfcfbbcf36c1e29e571f84a0c0f436147a81"
      url: "https://pub.dev"
    source: hosted
    version: "3.1.2"
  flutter_secure_storage_platform_interface:
    dependency: transitive
    description:
      name: flutter_secure_storage_platform_interface
      sha256: cf91ad32ce5adef6fba4d736a542baca9daf3beac4db2d04be350b87f69ac4a8
      url: "https://pub.dev"
    source: hosted
    version: "1.1.2"
  flutter_secure_storage_web:
    dependency: transitive
    description:
      name: flutter_secure_storage_web
      sha256: f4ebff989b4f07b2656fb16b47852c0aab9fed9b4ec1c70103368337bc1886a9
      url: "https://pub.dev"
    source: hosted
    version: "1.2.1"
  flutter_secure_storage_windows:
    dependency: transitive
    description:
      name: flutter_secure_storage_windows
      sha256: b20b07cb5ed4ed74fc567b78a72936203f587eba460af1df11281c9326cd3709
      url: "https://pub.dev"
    source: hosted
    version: "3.1.2"
  flutter_spinkit:
    dependency: transitive
    description:
      name: flutter_spinkit
      sha256: d2696eed13732831414595b98863260e33e8882fc069ee80ec35d4ac9ddb0472
      url: "https://pub.dev"
    source: hosted
    version: "5.2.1"
  flutter_svg:
    dependency: transitive
    description:
      name: flutter_svg
      sha256: "1b7723a814d84fb65869ea7115cdb3ee7c3be5a27a755c1ec60e049f6b9fcbb2"
      url: "https://pub.dev"
    source: hosted
    version: "2.0.11"
  flutter_test:
    dependency: "direct dev"
    description: flutter
    source: sdk
    version: "0.0.0"
  flutter_typeahead:
    dependency: transitive
    description:
      name: flutter_typeahead
      sha256: d64712c65db240b1057559b952398ebb6e498077baeebf9b0731dade62438a6d
      url: "https://pub.dev"
    source: hosted
    version: "5.2.0"
  flutter_web_auth:
    dependency: transitive
    description:
      name: flutter_web_auth
      sha256: "07ca6fedcbb1f9bc0ccb01e953ca6a2d47da0f83d6dcd9b2d6448de55d6ccefd"
      url: "https://pub.dev"
    source: hosted
    version: "0.3.2"
  flutter_web_plugins:
    dependency: transitive
    description: flutter
    source: sdk
    version: "0.0.0"
  font_awesome_flutter:
    dependency: transitive
    description:
      name: font_awesome_flutter
      sha256: d3a89184101baec7f4600d58840a764d2ef760fe1c5a20ef9e6b0e9b24a07a3a
      url: "https://pub.dev"
    source: hosted
    version: "10.8.0"
  global_configuration:
    dependency: "direct main"
    description:
      name: global_configuration
      sha256: "432cfe858cfad7263b5cd51b1d342865a3983c400185f3839cc63b4b20702f66"
      url: "https://pub.dev"
    source: hosted
    version: "2.0.0"
  google_fonts:
    dependency: transitive
    description:
      name: google_fonts
      sha256: f0b8d115a13ecf827013ec9fc883390ccc0e87a96ed5347a3114cac177ef18e8
      url: "https://pub.dev"
    source: hosted
    version: "6.1.0"
  grouped_checkbox:
    dependency: transitive
    description:
      name: grouped_checkbox
      sha256: "6e1d4c5572d55af7065cce4ead9fee507df887789f6b3564d232e5705702213a"
      url: "https://pub.dev"
    source: hosted
    version: "2.0.0"
  http:
    dependency: "direct main"
    description:
      name: http
      sha256: b9c29a161230ee03d3ccf545097fccd9b87a5264228c5d348202e0f0c28f9010
      url: "https://pub.dev"
    source: hosted
    version: "1.2.2"
  http_parser:
    dependency: transitive
    description:
      name: http_parser
      sha256: "2aa08ce0341cc9b354a498388e30986515406668dbcc4f7c950c3e715496693b"
      url: "https://pub.dev"
    source: hosted
    version: "4.0.2"
  intl:
    dependency: "direct main"
    description:
      name: intl
      sha256: "3bc132a9dbce73a7e4a21a17d06e1878839ffbf975568bc875c60537824b0c4d"
      url: "https://pub.dev"
    source: hosted
    version: "0.18.1"
  intl_phone_number_input:
    dependency: transitive
    description:
      name: intl_phone_number_input
      sha256: "1c4328713a9503ab26a1fdbb6b00b4cada68c18aac922b35bedbc72eff1297c3"
      url: "https://pub.dev"
    source: hosted
    version: "0.7.4"
  js:
    dependency: transitive
    description:
      name: js
      sha256: f2c445dce49627136094980615a031419f7f3eb393237e4ecd97ac15dea343f3
      url: "https://pub.dev"
    source: hosted
    version: "0.6.7"
  just_the_tooltip:
    dependency: transitive
    description:
      name: just_the_tooltip
      sha256: "7a081133d57285bfb41b331f411006d57b433d7b35772e6155745f6a7a09cb82"
      url: "https://pub.dev"
    source: hosted
    version: "0.0.12"
  leak_tracker:
    dependency: transitive
    description:
      name: leak_tracker
      sha256: "3f87a60e8c63aecc975dda1ceedbc8f24de75f09e4856ea27daf8958f2f0ce05"
      url: "https://pub.dev"
    source: hosted
    version: "10.0.5"
  leak_tracker_flutter_testing:
    dependency: transitive
    description:
      name: leak_tracker_flutter_testing
      sha256: "932549fb305594d82d7183ecd9fa93463e9914e1b67cacc34bc40906594a1806"
      url: "https://pub.dev"
    source: hosted
    version: "3.0.5"
  leak_tracker_testing:
    dependency: transitive
    description:
      name: leak_tracker_testing
      sha256: "6ba465d5d76e67ddf503e1161d1f4a6bc42306f9d66ca1e8f079a47290fb06d3"
      url: "https://pub.dev"
    source: hosted
    version: "3.0.1"
  libphonenumber_platform_interface:
    dependency: transitive
    description:
      name: libphonenumber_platform_interface
      sha256: f801f6c65523f56504b83f0890e6dad584ab3a7507dca65fec0eed640afea40f
      url: "https://pub.dev"
    source: hosted
    version: "0.4.2"
  libphonenumber_plugin:
    dependency: transitive
    description:
      name: libphonenumber_plugin
      sha256: c615021d9816fbda2b2587881019ed595ecdf54d999652d7e4cce0e1f026368c
      url: "https://pub.dev"
    source: hosted
    version: "0.3.3"
  libphonenumber_web:
    dependency: transitive
    description:
      name: libphonenumber_web
      sha256: "8186f420dbe97c3132283e52819daff1e55d60d6db46f7ea5ac42f42a28cc2ef"
      url: "https://pub.dev"
    source: hosted
    version: "0.3.2"
  line_icons:
    dependency: transitive
    description:
      name: line_icons
      sha256: "249d781d922f5437ac763d9c8f5a02cf5b499a6dc3f85e4b92e074cff0a932ab"
      url: "https://pub.dev"
    source: hosted
    version: "2.0.3"
  lints:
    dependency: transitive
    description:
      name: lints
      sha256: cbf8d4b858bb0134ef3ef87841abdf8d63bfc255c266b7bf6b39daa1085c4290
      url: "https://pub.dev"
    source: hosted
    version: "3.0.0"
  logger:
    dependency: transitive
    description:
      name: logger
      sha256: "697d067c60c20999686a0add96cf6aba723b3aa1f83ecf806a8097231529ec32"
      url: "https://pub.dev"
    source: hosted
    version: "2.4.0"
  matcher:
    dependency: transitive
    description:
      name: matcher
      sha256: d2323aa2060500f906aa31a895b4030b6da3ebdcc5619d14ce1aada65cd161cb
      url: "https://pub.dev"
    source: hosted
    version: "0.12.16+1"
  material_color_utilities:
    dependency: transitive
    description:
      name: material_color_utilities
      sha256: f7142bb1154231d7ea5f96bc7bde4bda2a0945d2806bb11670e30b850d56bdec
      url: "https://pub.dev"
    source: hosted
    version: "0.11.1"
  meta:
    dependency: transitive
    description:
      name: meta
      sha256: bdb68674043280c3428e9ec998512fb681678676b3c54e773629ffe74419f8c7
      url: "https://pub.dev"
    source: hosted
    version: "1.15.0"
  month_picker_dialog:
    dependency: transitive
    description:
      name: month_picker_dialog
      sha256: f77a42b2f738dc3e44cb0c838a9606e5a046cb7d14b549df1c5d92515bf6ec68
      url: "https://pub.dev"
    source: hosted
    version: "2.12.0"
  multi_dropdown:
    dependency: transitive
    description:
      name: multi_dropdown
      sha256: b63ff339fcc875d667f8688c8ef62853545b580dd2b6fe78b73339783268afd8
      url: "https://pub.dev"
    source: hosted
    version: "2.1.4"
  multi_select_flutter:
    dependency: transitive
    description:
      name: multi_select_flutter
      sha256: "503857b415d390d29159df8a9d92d83c6aac17aaf1c307fb7bcfc77d097d20ed"
      url: "https://pub.dev"
    source: hosted
    version: "4.1.3"
  multiselect:
    dependency: transitive
    description:
      name: multiselect
      sha256: "36a9dca15ccbf9295f7bcb81eb0094ead8d789bb5be502aeef7459cfd187bb85"
      url: "https://pub.dev"
    source: hosted
    version: "0.0.4"
  nested:
    dependency: transitive
    description:
      name: nested
      sha256: "03bac4c528c64c95c722ec99280375a6f2fc708eec17c7b3f07253b626cd2a20"
      url: "https://pub.dev"
    source: hosted
    version: "1.0.0"
  nested_reorderable_list:
    dependency: transitive
    description:
      name: nested_reorderable_list
      sha256: "10546e9702c0185400e2c2c1f18d9d90cc748c8c58073e1d98c150a3f9a53372"
      url: "https://pub.dev"
    source: hosted
    version: "0.0.1"
  path:
    dependency: transitive
    description:
      name: path
      sha256: "087ce49c3f0dc39180befefc60fdb4acd8f8620e5682fe2476afd0b3688bb4af"
      url: "https://pub.dev"
    source: hosted
    version: "1.9.0"
  path_parsing:
    dependency: transitive
    description:
      name: path_parsing
      sha256: "883402936929eac138ee0a45da5b0f2c80f89913e6dc3bf77eb65b84b409c6ca"
      url: "https://pub.dev"
    source: hosted
    version: "1.1.0"
  path_provider:
    dependency: transitive
    description:
      name: path_provider
      sha256: "50c5dd5b6e1aaf6fb3a78b33f6aa3afca52bf903a8a5298f53101fdaee55bbcd"
      url: "https://pub.dev"
    source: hosted
    version: "2.1.5"
  path_provider_android:
    dependency: transitive
    description:
      name: path_provider_android
      sha256: c464428172cb986b758c6d1724c603097febb8fb855aa265aeecc9280c294d4a
      url: "https://pub.dev"
    source: hosted
    version: "2.2.12"
  path_provider_foundation:
    dependency: transitive
    description:
      name: path_provider_foundation
      sha256: f234384a3fdd67f989b4d54a5d73ca2a6c422fa55ae694381ae0f4375cd1ea16
      url: "https://pub.dev"
    source: hosted
    version: "2.4.0"
  path_provider_linux:
    dependency: transitive
    description:
      name: path_provider_linux
      sha256: f7a1fe3a634fe7734c8d3f2766ad746ae2a2884abe22e241a8b301bf5cac3279
      url: "https://pub.dev"
    source: hosted
    version: "2.2.1"
  path_provider_platform_interface:
    dependency: transitive
    description:
      name: path_provider_platform_interface
      sha256: "88f5779f72ba699763fa3a3b06aa4bf6de76c8e5de842cf6f29e2e06476c2334"
      url: "https://pub.dev"
    source: hosted
    version: "2.1.2"
  path_provider_windows:
    dependency: transitive
    description:
      name: path_provider_windows
      sha256: bd6f00dbd873bfb70d0761682da2b3a2c2fccc2b9e84c495821639601d81afe7
      url: "https://pub.dev"
    source: hosted
    version: "2.3.0"
  petitparser:
    dependency: transitive
    description:
      name: petitparser
      sha256: c15605cd28af66339f8eb6fbe0e541bfe2d1b72d5825efc6598f3e0a31b9ad27
      url: "https://pub.dev"
    source: hosted
    version: "6.0.2"
  phone_numbers_parser:
    dependency: transitive
    description:
      name: phone_numbers_parser
      sha256: "62451b689d842791ed1fd5dc9eacf36ffa8bad23a78ad6cde732dc2fb222fae2"
      url: "https://pub.dev"
    source: hosted
    version: "8.3.0"
  platform:
    dependency: transitive
    description:
      name: platform
      sha256: "5d6b1b0036a5f331ebc77c850ebc8506cbc1e9416c27e59b439f917a902a4984"
      url: "https://pub.dev"
    source: hosted
    version: "3.1.6"
  plugin_platform_interface:
    dependency: transitive
    description:
      name: plugin_platform_interface
      sha256: "4820fbfdb9478b1ebae27888254d445073732dae3d6ea81f0b7e06d5dedc3f02"
      url: "https://pub.dev"
    source: hosted
    version: "2.1.8"
  pointer_interceptor:
    dependency: transitive
    description:
      name: pointer_interceptor
      sha256: "57210410680379aea8b1b7ed6ae0c3ad349bfd56fe845b8ea934a53344b9d523"
      url: "https://pub.dev"
    source: hosted
    version: "0.10.1+2"
  pointer_interceptor_ios:
    dependency: transitive
    description:
      name: pointer_interceptor_ios
      sha256: a6906772b3205b42c44614fcea28f818b1e5fdad73a4ca742a7bd49818d9c917
      url: "https://pub.dev"
    source: hosted
    version: "0.10.1"
  pointer_interceptor_platform_interface:
    dependency: transitive
    description:
      name: pointer_interceptor_platform_interface
      sha256: "0597b0560e14354baeb23f8375cd612e8bd4841bf8306ecb71fcd0bb78552506"
      url: "https://pub.dev"
    source: hosted
    version: "0.10.0+1"
  pointer_interceptor_web:
    dependency: transitive
    description:
      name: pointer_interceptor_web
      sha256: "7a7087782110f8c1827170660b09f8aa893e0e9a61431dbbe2ac3fc482e8c044"
      url: "https://pub.dev"
    source: hosted
    version: "0.10.2+1"
  pointycastle:
    dependency: transitive
    description:
      name: pointycastle
      sha256: "4be0097fcf3fd3e8449e53730c631200ebc7b88016acecab2b0da2f0149222fe"
      url: "https://pub.dev"
    source: hosted
    version: "3.9.1"
  provider:
    dependency: transitive
    description:
      name: provider
      sha256: c8a055ee5ce3fd98d6fc872478b03823ffdb448699c6ebdbbc71d59b596fd48c
      url: "https://pub.dev"
    source: hosted
    version: "6.1.2"
  quiver:
    dependency: transitive
    description:
      name: quiver
      sha256: ea0b925899e64ecdfbf9c7becb60d5b50e706ade44a85b2363be2a22d88117d2
      url: "https://pub.dev"
    source: hosted
    version: "3.2.2"
  responsive_grid_list:
    dependency: transitive
    description:
      name: responsive_grid_list
      sha256: e6cd1754240795cb8b08a4520c9eb5d28856ecf71de5fe6e64535a68c0913563
      url: "https://pub.dev"
    source: hosted
    version: "1.4.0"
  riverpod:
    dependency: transitive
    description:
      name: riverpod
      sha256: "59062512288d3056b2321804332a13ffdd1bf16df70dcc8e506e411280a72959"
      url: "https://pub.dev"
    source: hosted
    version: "2.6.1"
  scroll_to_index:
    dependency: transitive
    description:
      name: scroll_to_index
      sha256: b707546e7500d9f070d63e5acf74fd437ec7eeeb68d3412ef7b0afada0b4f176
      url: "https://pub.dev"
    source: hosted
    version: "3.0.1"
  scrollable_positioned_list:
    dependency: transitive
    description:
      name: scrollable_positioned_list
      sha256: "1b54d5f1329a1e263269abc9e2543d90806131aa14fe7c6062a8054d57249287"
      url: "https://pub.dev"
    source: hosted
    version: "0.3.8"
  shared_preferences:
    dependency: transitive
    description:
      name: shared_preferences
      sha256: "746e5369a43170c25816cc472ee016d3a66bc13fcf430c0bc41ad7b4b2922051"
      url: "https://pub.dev"
    source: hosted
    version: "2.3.2"
  shared_preferences_android:
    dependency: transitive
    description:
      name: shared_preferences_android
      sha256: "3b9febd815c9ca29c9e3520d50ec32f49157711e143b7a4ca039eb87e8ade5ab"
      url: "https://pub.dev"
    source: hosted
    version: "2.3.3"
  shared_preferences_foundation:
    dependency: transitive
    description:
      name: shared_preferences_foundation
      sha256: "07e050c7cd39bad516f8d64c455f04508d09df104be326d8c02551590a0d513d"
      url: "https://pub.dev"
    source: hosted
    version: "2.5.3"
  shared_preferences_linux:
    dependency: transitive
    description:
      name: shared_preferences_linux
      sha256: "580abfd40f415611503cae30adf626e6656dfb2f0cee8f465ece7b6defb40f2f"
      url: "https://pub.dev"
    source: hosted
    version: "2.4.1"
  shared_preferences_platform_interface:
    dependency: transitive
    description:
      name: shared_preferences_platform_interface
      sha256: "57cbf196c486bc2cf1f02b85784932c6094376284b3ad5779d1b1c6c6a816b80"
      url: "https://pub.dev"
    source: hosted
    version: "2.4.1"
  shared_preferences_web:
    dependency: transitive
    description:
      name: shared_preferences_web
      sha256: d2ca4132d3946fec2184261726b355836a82c33d7d5b67af32692aff18a4684e
      url: "https://pub.dev"
    source: hosted
    version: "2.4.2"
  shared_preferences_windows:
    dependency: transitive
    description:
      name: shared_preferences_windows
      sha256: "94ef0f72b2d71bc3e700e025db3710911bd51a71cefb65cc609dd0d9a982e3c1"
      url: "https://pub.dev"
    source: hosted
    version: "2.4.1"
  sign_in_button:
    dependency: transitive
    description:
      name: sign_in_button
      sha256: "977b9b0415d2f3909e642275dfabba7919ba8e111324641b76cae6d1acbd183e"
      url: "https://pub.dev"
    source: hosted
    version: "3.2.0"
  sky_engine:
    dependency: transitive
    description: flutter
    source: sdk
    version: "0.0.99"
  source_span:
    dependency: transitive
    description:
      name: source_span
      sha256: "53e943d4206a5e30df338fd4c6e7a077e02254531b138a15aec3bd143c1a8b3c"
      url: "https://pub.dev"
    source: hosted
    version: "1.10.0"
  sprintf:
    dependency: transitive
    description:
      name: sprintf
      sha256: "1fc9ffe69d4df602376b52949af107d8f5703b77cda567c4d7d86a0693120f23"
      url: "https://pub.dev"
    source: hosted
    version: "7.0.0"
  stack_trace:
    dependency: transitive
    description:
      name: stack_trace
      sha256: "73713990125a6d93122541237550ee3352a2d84baad52d375a4cad2eb9b7ce0b"
      url: "https://pub.dev"
    source: hosted
    version: "1.11.1"
  state_notifier:
    dependency: transitive
    description:
      name: state_notifier
      sha256: b8677376aa54f2d7c58280d5a007f9e8774f1968d1fb1c096adcb4792fba29bb
      url: "https://pub.dev"
    source: hosted
    version: "1.0.0"
  states_rebuilder:
    dependency: transitive
    description:
      name: states_rebuilder
      sha256: e2debaf1378edf623bc9943fd74de268d9cf76b2f2734b6d1b3b3ac372e2c05c
      url: "https://pub.dev"
    source: hosted
    version: "4.4.0"
  stream_channel:
    dependency: transitive
    description:
      name: stream_channel
      sha256: ba2aa5d8cc609d96bbb2899c28934f9e1af5cddbd60a827822ea467161eb54e7
      url: "https://pub.dev"
    source: hosted
    version: "2.1.2"
  string_scanner:
    dependency: transitive
    description:
      name: string_scanner
      sha256: "556692adab6cfa87322a115640c11f13cb77b3f076ddcc5d6ae3c20242bedcde"
      url: "https://pub.dev"
    source: hosted
    version: "1.2.0"
  syn_expandable_datatable:
    dependency: "direct main"
    description:
      name: syn_expandable_datatable
      sha256: "2dddfc64cad7718a9837418361b45a4ecc2744f74637b2e4047ce3e268afd4e7"
      url: "https://onepub.dev/api/kijxxpsdav/"
    source: hosted
    version: "0.1.8"
  syn_form_fields:
    dependency: "direct main"
    description:
      name: syn_form_fields
      sha256: "67b95cc2779d6b56a3e50d9d55ad3ddf046564cc18ec55a7b358db0f2be11df0"
      url: "https://onepub.dev/api/kijxxpsdav/"
    source: hosted
    version: "0.6.4"
  syn_logger:
    dependency: transitive
    description:
      name: syn_logger
      sha256: "08e86d0a977c6a95afcff06f614398c95d32ea4a34ab9ca562cb8045696916de"
      url: "https://onepub.dev/api/kijxxpsdav/"
    source: hosted
    version: "0.0.1"
  syn_multitenancy:
    dependency: "direct main"
    description:
      name: syn_multitenancy
      sha256: c3dc90c75c8f86c1559ed6eb09f6b9d9598f32002b5b1b547d4e3c7719b575be
      url: "https://onepub.dev/api/kijxxpsdav/"
    source: hosted
    version: "0.0.9"
  syn_notification_snack_bar:
    dependency: transitive
    description:
      name: syn_notification_snack_bar
      sha256: "9f127c9e42724bd6c74750bd55912358c906ea50fbbf98faf0bb34273158b186"
      url: "https://onepub.dev/api/kijxxpsdav/"
    source: hosted
    version: "0.1.1"
  syn_theme:
    dependency: "direct main"
    description:
      name: syn_theme
      sha256: "7565d4f9e9d851818f1babc31cb49812dffefb39028e178df093d36c12fb6b44"
      url: "https://onepub.dev/api/kijxxpsdav/"
    source: hosted
    version: "0.1.0"
  syn_time_range_picker:
    dependency: transitive
    description:
      name: syn_time_range_picker
      sha256: "7b15dc7e14c0048f8b2bab0d0bc5f7b01e7c1f59a9e6b130e901b9bc7c5cca99"
      url: "https://onepub.dev/api/kijxxpsdav/"
    source: hosted
    version: "0.0.4"
  syn_useraccess:
    dependency: "direct main"
    description:
      name: syn_useraccess
      sha256: "6ced8d7e0ee2ce9095807e372d119c67fcd033579ad900b961944244bae6b76b"
      url: "https://onepub.dev/api/kijxxpsdav/"
    source: hosted
    version: "0.0.2"
  term_glyph:
    dependency: transitive
    description:
      name: term_glyph
      sha256: a29248a84fbb7c79282b40b8c72a1209db169a2e0542bce341da992fe1bc7e84
      url: "https://pub.dev"
    source: hosted
    version: "1.2.1"
  test_api:
    dependency: transitive
    description:
      name: test_api
      sha256: "5b8a98dafc4d5c4c9c72d8b31ab2b23fc13422348d2997120294d3bac86b4ddb"
      url: "https://pub.dev"
    source: hosted
    version: "0.7.2"
  toggle_list:
    dependency: transitive
    description:
      name: toggle_list
      sha256: c1403fb7518d88495866ba083a1f8a9cfbe74f0764dc6f45246490dab11df414
      url: "https://pub.dev"
    source: hosted
    version: "0.3.1"
  toggle_switch:
    dependency: transitive
    description:
      name: toggle_switch
      sha256: "9e6af1f0c5a97d9de41109dc7b9e1b3bbe73417f89b10e0e44dc834fb493d4cb"
      url: "https://pub.dev"
    source: hosted
    version: "2.1.0"
  typed_data:
    dependency: transitive
    description:
      name: typed_data
      sha256: f9049c039ebfeb4cf7a7104a675823cd72dba8297f264b6637062516699fa006
      url: "https://pub.dev"
    source: hosted
    version: "1.4.0"
  url_launcher:
    dependency: transitive
    description:
      name: url_launcher
      sha256: "9d06212b1362abc2f0f0d78e6f09f726608c74e3b9462e8368bb03314aa8d603"
      url: "https://pub.dev"
    source: hosted
    version: "6.3.1"
  url_launcher_android:
    dependency: transitive
    description:
      name: url_launcher_android
      sha256: "6fc2f56536ee873eeb867ad176ae15f304ccccc357848b351f6f0d8d4a40d193"
      url: "https://pub.dev"
    source: hosted
    version: "6.3.14"
  url_launcher_ios:
    dependency: transitive
    description:
      name: url_launcher_ios
      sha256: e43b677296fadce447e987a2f519dcf5f6d1e527dc35d01ffab4fff5b8a7063e
      url: "https://pub.dev"
    source: hosted
    version: "6.3.1"
  url_launcher_linux:
    dependency: transitive
    description:
      name: url_launcher_linux
      sha256: e2b9622b4007f97f504cd64c0128309dfb978ae66adbe944125ed9e1750f06af
      url: "https://pub.dev"
    source: hosted
    version: "3.2.0"
  url_launcher_macos:
    dependency: transitive
    description:
      name: url_launcher_macos
      sha256: "769549c999acdb42b8bcfa7c43d72bf79a382ca7441ab18a808e101149daf672"
      url: "https://pub.dev"
    source: hosted
    version: "3.2.1"
  url_launcher_platform_interface:
    dependency: transitive
    description:
      name: url_launcher_platform_interface
      sha256: "552f8a1e663569be95a8190206a38187b531910283c3e982193e4f2733f01029"
      url: "https://pub.dev"
    source: hosted
    version: "2.3.2"
  url_launcher_web:
    dependency: transitive
    description:
      name: url_launcher_web
      sha256: "772638d3b34c779ede05ba3d38af34657a05ac55b06279ea6edd409e323dca8e"
      url: "https://pub.dev"
    source: hosted
    version: "2.3.3"
  url_launcher_windows:
    dependency: transitive
    description:
      name: url_launcher_windows
      sha256: "44cf3aabcedde30f2dba119a9dea3b0f2672fbe6fa96e85536251d678216b3c4"
      url: "https://pub.dev"
    source: hosted
    version: "3.1.3"
  uuid:
    dependency: transitive
    description:
      name: uuid
      sha256: a5be9ef6618a7ac1e964353ef476418026db906c4facdedaa299b7a2e71690ff
      url: "https://pub.dev"
    source: hosted
    version: "4.5.1"
  vector_graphics:
    dependency: transitive
    description:
      name: vector_graphics
      sha256: "0b9149c6ddb013818075b072b9ddc1b89a5122fff1275d4648d297086b46c4f0"
      url: "https://pub.dev"
    source: hosted
    version: "1.1.12"
  vector_graphics_codec:
    dependency: transitive
    description:
      name: vector_graphics_codec
      sha256: "2430b973a4ca3c4dbc9999b62b8c719a160100dcbae5c819bae0cacce32c9cdb"
      url: "https://pub.dev"
    source: hosted
    version: "1.1.12"
  vector_graphics_compiler:
    dependency: transitive
    description:
      name: vector_graphics_compiler
      sha256: f3b9b6e4591c11394d4be4806c63e72d3a41778547b2c1e2a8a04fadcfd7d173
      url: "https://pub.dev"
    source: hosted
    version: "1.1.12"
  vector_math:
    dependency: transitive
    description:
      name: vector_math
      sha256: "80b3257d1492ce4d091729e3a67a60407d227c27241d6927be0130c98e741803"
      url: "https://pub.dev"
    source: hosted
    version: "2.1.4"
  vm_service:
    dependency: transitive
    description:
      name: vm_service
      sha256: "5c5f338a667b4c644744b661f309fb8080bb94b18a7e91ef1dbd343bed00ed6d"
      url: "https://pub.dev"
    source: hosted
    version: "14.2.5"
  web:
    dependency: transitive
    description:
      name: web
      sha256: cd3543bd5798f6ad290ea73d210f423502e71900302dde696f8bff84bf89a1cb
      url: "https://pub.dev"
    source: hosted
    version: "1.1.0"
  webview_flutter:
    dependency: transitive
    description:
      name: webview_flutter
      sha256: "889a0a678e7c793c308c68739996227c9661590605e70b1f6cf6b9a6634f7aec"
      url: "https://pub.dev"
    source: hosted
    version: "4.10.0"
  webview_flutter_android:
    dependency: transitive
    description:
      name: webview_flutter_android
      sha256: "74693a212d990b32e0b7055d27db973a18abf31c53942063948cdfaaef9787ba"
      url: "https://pub.dev"
    source: hosted
    version: "4.0.0"
  webview_flutter_platform_interface:
    dependency: transitive
    description:
      name: webview_flutter_platform_interface
      sha256: d937581d6e558908d7ae3dc1989c4f87b786891ab47bb9df7de548a151779d8d
      url: "https://pub.dev"
    source: hosted
    version: "2.10.0"
  webview_flutter_wkwebview:
    dependency: transitive
    description:
      name: webview_flutter_wkwebview
      sha256: d4034901d96357beb1b6717ebf7d583c88e40cfc6eb85fe76dd1bf0979a9f251
      url: "https://pub.dev"
    source: hosted
    version: "3.16.0"
  win32:
    dependency: transitive
    description:
      name: win32
      sha256: "84ba388638ed7a8cb3445a320c8273136ab2631cd5f2c57888335504ddab1bc2"
      url: "https://pub.dev"
    source: hosted
    version: "5.8.0"
  xdg_directories:
    dependency: transitive
    description:
      name: xdg_directories
      sha256: "7a3f37b05d989967cdddcbb571f1ea834867ae2faa29725fd085180e0883aa15"
      url: "https://pub.dev"
    source: hosted
    version: "1.1.0"
  xml:
    dependency: transitive
    description:
      name: xml
      sha256: b015a8ad1c488f66851d762d3090a21c600e479dc75e68328c52774040cf9226
      url: "https://pub.dev"
    source: hosted
    version: "6.5.0"
sdks:
  dart: ">=3.5.0 <4.0.0"
  flutter: ">=3.24.0"
